
Microsoft Visual Studio Solution File, Format Version 12.00
# Visual Studio Version 17
VisualStudioVersion = 17.9.34728.123
MinimumVisualStudioVersion = 10.0.40219.1
Project("{FAE04EC0-301F-11D3-BF4B-00C04F79EFBC}") = "SWP391__StempedeKit_FA24", "SWP391__StempedeKit_FA24\SWP391__StempedeKit_FA24.csproj", "{5D17CAB5-B61A-4076-847F-B423B10E8465}"
EndProject
Project("{FAE04EC0-301F-11D3-BF4B-00C04F79EFBC}") = "Stem.Business", "Stem.Business\Stem.Business.csproj", "{B8943481-3300-496D-899E-1065685EDFAE}"
EndProject
Project("{FAE04EC0-301F-11D3-BF4B-00C04F79EFBC}") = "Stem.Data", "Stem.Data\Stem.Data.csproj", "{919D81EF-A0EA-4CED-8709-05F8BBE9F707}"
EndProject
Project("{FAE04EC0-301F-11D3-BF4B-00C04F79EFBC}") = "Stem.Common", "Stem.Common\Stem.Common.csproj", "{4960F11A-B632-4D4F-91EA-096F17BD6993}"
EndProject
Global
	GlobalSection(SolutionConfigurationPlatforms) = preSolution
		Debug|Any CPU = Debug|Any CPU
		Release|Any CPU = Release|Any CPU
	EndGlobalSection
	GlobalSection(ProjectConfigurationPlatforms) = postSolution
		{5D17CAB5-B61A-4076-847F-B423B10E8465}.Debug|Any CPU.ActiveCfg = Debug|Any CPU
		{5D17CAB5-B61A-4076-847F-B423B10E8465}.Debug|Any CPU.Build.0 = Debug|Any CPU
		{5D17CAB5-B61A-4076-847F-B423B10E8465}.Release|Any CPU.ActiveCfg = Release|Any CPU
		{5D17CAB5-B61A-4076-847F-B423B10E8465}.Release|Any CPU.Build.0 = Release|Any CPU
		{B8943481-3300-496D-899E-1065685EDFAE}.Debug|Any CPU.ActiveCfg = Debug|Any CPU
		{B8943481-3300-496D-899E-1065685EDFAE}.Debug|Any CPU.Build.0 = Debug|Any CPU
		{B8943481-3300-496D-899E-1065685EDFAE}.Release|Any CPU.ActiveCfg = Release|Any CPU
		{B8943481-3300-496D-899E-1065685EDFAE}.Release|Any CPU.Build.0 = Release|Any CPU
		{919D81EF-A0EA-4CED-8709-05F8BBE9F707}.Debug|Any CPU.ActiveCfg = Debug|Any CPU
		{919D81EF-A0EA-4CED-8709-05F8BBE9F707}.Debug|Any CPU.Build.0 = Debug|Any CPU
		{919D81EF-A0EA-4CED-8709-05F8BBE9F707}.Release|Any CPU.ActiveCfg = Release|Any CPU
		{919D81EF-A0EA-4CED-8709-05F8BBE9F707}.Release|Any CPU.Build.0 = Release|Any CPU
		{4960F11A-B632-4D4F-91EA-096F17BD6993}.Debug|Any CPU.ActiveCfg = Debug|Any CPU
		{4960F11A-B632-4D4F-91EA-096F17BD6993}.Debug|Any CPU.Build.0 = Debug|Any CPU
		{4960F11A-B632-4D4F-91EA-096F17BD6993}.Release|Any CPU.ActiveCfg = Release|Any CPU
		{4960F11A-B632-4D4F-91EA-096F17BD6993}.Release|Any CPU.Build.0 = Release|Any CPU
	EndGlobalSection
	GlobalSection(SolutionProperties) = preSolution
		HideSolutionNode = FALSE
	EndGlobalSection
	GlobalSection(ExtensibilityGlobals) = postSolution
		SolutionGuid = {2A666392-A87C-470B-9771-7220134D6705}
	EndGlobalSection
EndGlobal
